github.com/aws/aws-sdk-go-v2 v1.24.1 h1:xAojnj+ktS95YZlDf0zxWBkbFtymPeDP+rvUQIH3uAU=
github.com/aws/aws-sdk-go-v2 v1.24.1/go.mod h1:LNh45Br1YAkEKaAqvmE1m8FUx6a5b/V0oAKV7of29b4=
github.com/aws/aws-sdk-go-v2/internal/configsources v1.2.10 h1:vF+Zgd9s+H4vOXd5BMaPWykta2a6Ih0AKLq/X6NYKn4=
github.com/aws/aws-sdk-go-v2/internal/configsources v1.2.10/go.mod h1:6BkRjejp/GR4411UGqkX8+wFMbFbqsUIimfK4XjOKR4=
github.com/aws/aws-sdk-go-v2/internal/endpoints/v2 v2.5.10 h1:nYPe006ktcqUji8S2mqXf9c/7NdiKriOwMvWQHgYztw=
github.com/aws/aws-sdk-go-v2/internal/endpoints/v2 v2.5.10/go.mod h1:6UV4SZkVvmODfXKql4LCbaZUpF7HO2BX38FgBf9ZOLw=
github.com/aws/aws-sdk-go-v2/service/sqs v1.29.0 h1:qrQaHqKpFbhtWcFc4yhHrzOyn1rR5CIWa2KvWjW85CQ=
github.com/aws/aws-sdk-go-v2/service/sqs v1.29.0/go.mod h1:xjrl8GIukUoqhZdCXS93ji0WQFmLOxnMCBH7l/Z8YJw=
github.com/aws/smithy-go v1.19.0 h1:KWFKQV80DpP3vJrrA9sVAHQ5gc2z8i4EzrLhLlWXcBM=
github.com/aws/smithy-go v1.19.0/go.mod h1:NukqUGpCZIILqqiV0NIjeFh24kd/FAa4beRb6nbIUPE=
github.com/davecgh/go-spew v1.1.1 h1:vj9j/u1bqnvCEfJOwUhtlOARqs3+rkHYY13jYWTU97c=
github.com/davecgh/go-spew v1.1.1/go.mod h1:J7Y8YcW2NihsgmVo/mv3lAwl/skON4iLHjSsI+c5H38=
github.com/google/go-cmp v0.5.8 h1:e6P7q2lk1O+qJJb4BtCQXlK8vWEO8V1ZeuEdJNOqZyg=
github.com/google/go-cmp v0.5.8/go.mod h1:17dUlkBOakJ0+DkrSSNjCkIjxS6bF9zb3elmeNGIjoY=
github.com/pmezard/go-difflib v1.0.0 h1:4DBwDE0NGyQoBHbLQYPwSUPoCMWR5BEzIk/f1lZbAQM=
github.com/pmezard/go-difflib v1.0.0/go.mod h1:iKH77koFhYxTK1pcRnkKkqfTogsbg7gZNVY4sRDYZ/4=
github.com/stretchr/testify v1.9.0 h1:HtqpIVDClZ4nwg75+f6Lvsy/wHu+3BoSGCbBAcpTsTg=
github.com/stretchr/testify v1.9.0/go.mod h1:r2ic/lqez/lEtzL7wO/rwa5dbSLXVDPFyf8C91i36aY=
gopkg.in/check.v1 v0.0.0-20161208181325-20d25e280405 h1:yhCVgyC4o1eVCa2tZl7eS0r+SDo693bJlVdllGtEeKM=
gopkg.in/check.v1 v0.0.0-20161208181325-20d25e280405/go.mod h1:Co6ibVJAznAaIkqp8huTwlJQCZ016jof/cbN4VW5Yz0=
gopkg.in/yaml.v3 v3.0.1 h1:fxVm/GzAzEWqLHuvctI91KS9hhNmmWOoWu0XTYJS7CA=
gopkg.in/yaml.v3 v3.0.1/go.mod h1:K4uyk7z7BCEPqu6E+C64Yfv1cQ7kz7rIZviUmN+EgEM=
